// !$*UTF8*$!
{
	archiveVersion = 1;
	classes = {
	};
	objectVersion = 46;
	objects = {

/* Begin PBXBuildFile section */
		D284A4841E16AA8A00907DC9 /* main.m in Sources */ = {isa = PBXBuildFile; fileRef = D284A4831E16AA8A00907DC9 /* main.m */; };
		D284A48C1E17F85F00907DC9 /* Input.m in Sources */ = {isa = PBXBuildFile; fileRef = D284A48B1E17F85F00907DC9 /* Input.m */; };
		D284A48F1E182DA000907DC9 /* Output.m in Sources */ = {isa = PBXBuildFile; fileRef = D284A48E1E182DA000907DC9 /* Output.m */; };
		D284A4921E1847CC00907DC9 /* Parser.m in Sources */ = {isa = PBXBuildFile; fileRef = D284A4911E1847CC00907DC9 /* Parser.m */; };
		D284A4951E1847D800907DC9 /* Data.m in Sources */ = {isa = PBXBuildFile; fileRef = D284A4941E1847D800907DC9 /* Data.m */; };
		D284A4981E1847E700907DC9 /* Runtime.m in Sources */ = {isa = PBXBuildFile; fileRef = D284A4971E1847E700907DC9 /* Runtime.m */; };
		D284A49B1E1848E800907DC9 /* Room.m in Sources */ = {isa = PBXBuildFile; fileRef = D284A49A1E1848E800907DC9 /* Room.m */; };
		D284A49E1E1848EF00907DC9 /* Item.m in Sources */ = {isa = PBXBuildFile; fileRef = D284A49D1E1848EF00907DC9 /* Item.m */; };
/* End PBXBuildFile section */

/* Begin PBXCopyFilesBuildPhase section */
		D284A47E1E16AA8A00907DC9 /* CopyFiles */ = {
			isa = PBXCopyFilesBuildPhase;
			buildActionMask = 2147483647;
			dstPath = /usr/share/man/man1/;
			dstSubfolderSpec = 0;
			files = (
			);
			runOnlyForDeploymentPostprocessing = 1;
		};
/* End PBXCopyFilesBuildPhase section */

/* Begin PBXFileReference section */
		D284A4801E16AA8A00907DC9 /* CLI */ = {isa = PBXFileReference; explicitFileType = "compiled.mach-o.executable"; includeInIndex = 0; path = CLI; sourceTree = BUILT_PRODUCTS_DIR; };
		D284A4831E16AA8A00907DC9 /* main.m */ = {isa = PBXFileReference; lastKnownFileType = sourcecode.c.objc; path = main.m; sourceTree = "<group>"; };
		D284A48A1E17F85F00907DC9 /* Input.h */ = {isa = PBXFileReference; fileEncoding = 4; lastKnownFileType = sourcecode.c.h; path = Input.h; sourceTree = "<group>"; };
		D284A48B1E17F85F00907DC9 /* Input.m */ = {isa = PBXFileReference; fileEncoding = 4; lastKnownFileType = sourcecode.c.objc; path = Input.m; sourceTree = "<group>"; };
		D284A48D1E182DA000907DC9 /* Output.h */ = {isa = PBXFileReference; fileEncoding = 4; lastKnownFileType = sourcecode.c.h; path = Output.h; sourceTree = "<group>"; };
		D284A48E1E182DA000907DC9 /* Output.m */ = {isa = PBXFileReference; fileEncoding = 4; lastKnownFileType = sourcecode.c.objc; path = Output.m; sourceTree = "<group>"; };
		D284A4901E1847CC00907DC9 /* Parser.h */ = {isa = PBXFileReference; fileEncoding = 4; lastKnownFileType = sourcecode.c.h; path = Parser.h; sourceTree = "<group>"; };
		D284A4911E1847CC00907DC9 /* Parser.m */ = {isa = PBXFileReference; fileEncoding = 4; lastKnownFileType = sourcecode.c.objc; path = Parser.m; sourceTree = "<group>"; };
		D284A4931E1847D800907DC9 /* Data.h */ = {isa = PBXFileReference; fileEncoding = 4; lastKnownFileType = sourcecode.c.h; path = Data.h; sourceTree = "<group>"; };
		D284A4941E1847D800907DC9 /* Data.m */ = {isa = PBXFileReference; fileEncoding = 4; lastKnownFileType = sourcecode.c.objc; path = Data.m; sourceTree = "<group>"; };
		D284A4961E1847E700907DC9 /* Runtime.h */ = {isa = PBXFileReference; fileEncoding = 4; lastKnownFileType = sourcecode.c.h; path = Runtime.h; sourceTree = "<group>"; };
		D284A4971E1847E700907DC9 /* Runtime.m */ = {isa = PBXFileReference; fileEncoding = 4; lastKnownFileType = sourcecode.c.objc; path = Runtime.m; sourceTree = "<group>"; };
		D284A4991E1848E800907DC9 /* Room.h */ = {isa = PBXFileReference; fileEncoding = 4; lastKnownFileType = sourcecode.c.h; path = Room.h; sourceTree = "<group>"; };
		D284A49A1E1848E800907DC9 /* Room.m */ = {isa = PBXFileReference; fileEncoding = 4; lastKnownFileType = sourcecode.c.objc; path = Room.m; sourceTree = "<group>"; };
		D284A49C1E1848EF00907DC9 /* Item.h */ = {isa = PBXFileReference; fileEncoding = 4; lastKnownFileType = sourcecode.c.h; path = Item.h; sourceTree = "<group>"; };
		D284A49D1E1848EF00907DC9 /* Item.m */ = {isa = PBXFileReference; fileEncoding = 4; lastKnownFileType = sourcecode.c.objc; path = Item.m; sourceTree = "<group>"; };
/* End PBXFileReference section */

/* Begin PBXFrameworksBuildPhase section */
		D284A47D1E16AA8A00907DC9 /* Frameworks */ = {
			isa = PBXFrameworksBuildPhase;
			buildActionMask = 2147483647;
			files = (
			);
			runOnlyForDeploymentPostprocessing = 0;
		};
/* End PBXFrameworksBuildPhase section */

/* Begin PBXGroup section */
		D284A4771E16AA8A00907DC9 = {
			isa = PBXGroup;
			children = (
				D284A4821E16AA8A00907DC9 /* CLI */,
				D284A4811E16AA8A00907DC9 /* Products */,
			);
			sourceTree = "<group>";
		};
		D284A4811E16AA8A00907DC9 /* Products */ = {
			isa = PBXGroup;
			children = (
				D284A4801E16AA8A00907DC9 /* CLI */,
			);
			name = Products;
			sourceTree = "<group>";
		};
		D284A4821E16AA8A00907DC9 /* CLI */ = {
			isa = PBXGroup;
			children = (
				D284A4831E16AA8A00907DC9 /* main.m */,
				D284A4901E1847CC00907DC9 /* Parser.h */,
				D284A4911E1847CC00907DC9 /* Parser.m */,
				D284A4931E1847D800907DC9 /* Data.h */,
				D284A4941E1847D800907DC9 /* Data.m */,
				D284A4991E1848E800907DC9 /* Room.h */,
				D284A49A1E1848E800907DC9 /* Room.m */,
				D284A49C1E1848EF00907DC9 /* Item.h */,
				D284A49D1E1848EF00907DC9 /* Item.m */,
				D284A4961E1847E700907DC9 /* Runtime.h */,
				D284A4971E1847E700907DC9 /* Runtime.m */,
				D284A48A1E17F85F00907DC9 /* Input.h */,
				D284A48B1E17F85F00907DC9 /* Input.m */,
				D284A48D1E182DA000907DC9 /* Output.h */,
				D284A48E1E182DA000907DC9 /* Output.m */,
			);
			path = CLI;
			sourceTree = "<group>";
		};
/* End PBXGroup section */

/* Begin PBXNativeTarget section */
		D284A47F1E16AA8A00907DC9 /* CLI */ = {
			isa = PBXNativeTarget;
			buildConfigurationList = D284A4871E16AA8A00907DC9 /* Build configuration list for PBXNativeTarget "CLI" */;
			buildPhases = (
				D284A47C1E16AA8A00907DC9 /* Sources */,
				D284A47D1E16AA8A00907DC9 /* Frameworks */,
				D284A47E1E16AA8A00907DC9 /* CopyFiles */,
			);
			buildRules = (
			);
			dependencies = (
			);
			name = CLI;
			productName = CLI;
			productReference = D284A4801E16AA8A00907DC9 /* CLI */;
			productType = "com.apple.product-type.tool";
		};
/* End PBXNativeTarget section */

/* Begin PBXProject section */
		D284A4781E16AA8A00907DC9 /* Project object */ = {
			isa = PBXProject;
			attributes = {
				LastUpgradeCheck = 0820;
				ORGANIZATIONNAME = "Pinkstone Pictures LLC";
				TargetAttributes = {
					D284A47F1E16AA8A00907DC9 = {
						CreatedOnToolsVersion = 8.2.1;
						ProvisioningStyle = Automatic;
					};
				};
			};
			buildConfigurationList = D284A47B1E16AA8A00907DC9 /* Build configuration list for PBXProject "CLI" */;
			compatibilityVersion = "Xcode 3.2";
			developmentRegion = English;
			hasScannedForEncodings = 0;
			knownRegions = (
				en,
			);
			mainGroup = D284A4771E16AA8A00907DC9;
			productRefGroup = D284A4811E16AA8A00907DC9 /* Products */;
			projectDirPath = "";
			projectRoot = "";
			targets = (
				D284A47F1E16AA8A00907DC9 /* CLI */,
			);
		};
/* End PBXProject section */

/* Begin PBXSourcesBuildPhase section */
		D284A47C1E16AA8A00907DC9 /* Sources */ = {
			isa = PBXSourcesBuildPhase;
			buildActionMask = 2147483647;
			files = (
				D284A49E1E1848EF00907DC9 /* Item.m in Sources */,
				D284A4951E1847D800907DC9 /* Data.m in Sources */,
				D284A4921E1847CC00907DC9 /* Parser.m in Sources */,
				D284A48F1E182DA000907DC9 /* Output.m in Sources */,
				D284A48C1E17F85F00907DC9 /* Input.m in Sources */,
				D284A4981E1847E700907DC9 /* Runtime.m in Sources */,
				D284A49B1E1848E800907DC9 /* Room.m in Sources */,
				D284A4841E16AA8A00907DC9 /* main.m in Sources */,
			);
			runOnlyForDeploymentPostprocessing = 0;
		};
/* End PBXSourcesBuildPhase section */

/* Begin XCBuildConfiguration section */
		D284A4851E16AA8A00907DC9 /* Debug */ = {
			isa = XCBuildConfiguration;
			buildSettings = {
				ALWAYS_SEARCH_USER_PATHS = NO;
				CLANG_ANALYZER_NONNULL = YES;
				CLANG_CXX_LANGUAGE_STANDARD = "gnu++0x";
				CLANG_CXX_LIBRARY = "libc++";
				CLANG_ENABLE_MODULES = YES;
				CLANG_ENABLE_OBJC_ARC = YES;
				CLANG_WARN_BOOL_CONVERSION = YES;
				CLANG_WARN_CONSTANT_CONVERSION = YES;
				CLANG_WARN_DIRECT_OBJC_ISA_USAGE = YES_ERROR;
				CLANG_WARN_DOCUMENTATION_COMMENTS = YES;
				CLANG_WARN_EMPTY_BODY = YES;
				CLANG_WARN_ENUM_CONVERSION = YES;
				CLANG_WARN_INFINITE_RECURSION = YES;
				CLANG_WARN_INT_CONVERSION = YES;
				CLANG_WARN_OBJC_ROOT_CLASS = YES_ERROR;
				CLANG_WARN_SUSPICIOUS_MOVE = YES;
				CLANG_WARN_UNREACHABLE_CODE = YES;
				CLANG_WARN__DUPLICATE_METHOD_MATCH = YES;
				CODE_SIGN_IDENTITY = "-";
				COPY_PHASE_STRIP = NO;
				DEBUG_INFORMATION_FORMAT = dwarf;
				ENABLE_STRICT_OBJC_MSGSEND = YES;
				ENABLE_TESTABILITY = YES;
				GCC_C_LANGUAGE_STANDARD = gnu99;
				GCC_DYNAMIC_NO_PIC = NO;
				GCC_NO_COMMON_BLOCKS = YES;
				GCC_OPTIMIZATION_LEVEL = 0;
				GCC_PREPROCESSOR_DEFINITIONS = (
					"DEBUG=1",
					"$(inherited)",
				);
				GCC_WARN_64_TO_32_BIT_CONVERSION = YES;
				GCC_WARN_ABOUT_RETURN_TYPE = YES_ERROR;
				GCC_WARN_UNDECLARED_SELECTOR = YES;
				GCC_WARN_UNINITIALIZED_AUTOS = YES_AGGRESSIVE;
				GCC_WARN_UNUSED_FUNCTION = YES;
				GCC_WARN_UNUSED_VARIABLE = YES;
				MACOSX_DEPLOYMENT_TARGET = 10.11;
				MTL_ENABLE_DEBUG_INFO = YES;
				ONLY_ACTIVE_ARCH = YES;
				SDKROOT = macosx;
			};
			name = Debug;
		};
		D284A4861E16AA8A00907DC9 /* Release */ = {
			isa = XCBuildConfiguration;
			buildSettings = {
				ALWAYS_SEARCH_USER_PATHS = NO;
				CLANG_ANALYZER_NONNULL = YES;
				CLANG_CXX_LANGUAGE_STANDARD = "gnu++0x";
				CLANG_CXX_LIBRARY = "libc++";
				CLANG_ENABLE_MODULES = YES;
				CLANG_ENABLE_OBJC_ARC = YES;
				CLANG_WARN_BOOL_CONVERSION = YES;
				CLANG_WARN_CONSTANT_CONVERSION = YES;
				CLANG_WARN_DIRECT_OBJC_ISA_USAGE = YES_ERROR;
				CLANG_WARN_DOCUMENTATION_COMMENTS = YES;
				CLANG_WARN_EMPTY_BODY = YES;
				CLANG_WARN_ENUM_CONVERSION = YES;
				CLANG_WARN_INFINITE_RECURSION = YES;
				CLANG_WARN_INT_CONVERSION = YES;
				CLANG_WARN_OBJC_ROOT_CLASS = YES_ERROR;
				CLANG_WARN_SUSPICIOUS_MOVE = YES;
				CLANG_WARN_UNREACHABLE_CODE = YES;
				CLANG_WARN__DUPLICATE_METHOD_MATCH = YES;
				CODE_SIGN_IDENTITY = "-";
				COPY_PHASE_STRIP = NO;
				DEBUG_INFORMATION_FORMAT = "dwarf-with-dsym";
				ENABLE_NS_ASSERTIONS = NO;
				ENABLE_STRICT_OBJC_MSGSEND = YES;
				GCC_C_LANGUAGE_STANDARD = gnu99;
				GCC_NO_COMMON_BLOCKS = YES;
				GCC_WARN_64_TO_32_BIT_CONVERSION = YES;
				GCC_WARN_ABOUT_RETURN_TYPE = YES_ERROR;
				GCC_WARN_UNDECLARED_SELECTOR = YES;
				GCC_WARN_UNINITIALIZED_AUTOS = YES_AGGRESSIVE;
				GCC_WARN_UNUSED_FUNCTION = YES;
				GCC_WARN_UNUSED_VARIABLE = YES;
				MACOSX_DEPLOYMENT_TARGET = 10.11;
				MTL_ENABLE_DEBUG_INFO = NO;
				SDKROOT = macosx;
			};
			name = Release;
		};
		D284A4881E16AA8A00907DC9 /* Debug */ = {
			isa = XCBuildConfiguration;
			buildSettings = {
				PRODUCT_NAME = "$(TARGET_NAME)";
			};
			name = Debug;
		};
		D284A4891E16AA8A00907DC9 /* Release */ = {
			isa = XCBuildConfiguration;
			buildSettings = {
				PRODUCT_NAME = "$(TARGET_NAME)";
			};
			name = Release;
		};
/* End XCBuildConfiguration section */

/* Begin XCConfigurationList section */
		D284A47B1E16AA8A00907DC9 /* Build configuration list for PBXProject "CLI" */ = {
			isa = XCConfigurationList;
			buildConfigurations = (
				D284A4851E16AA8A00907DC9 /* Debug */,
				D284A4861E16AA8A00907DC9 /* Release */,
			);
			defaultConfigurationIsVisible = 0;
			defaultConfigurationName = Release;
		};
		D284A4871E16AA8A00907DC9 /* Build configuration list for PBXNativeTarget "CLI" */ = {
			isa = XCConfigurationList;
			buildConfigurations = (
				D284A4881E16AA8A00907DC9 /* Debug */,
				D284A4891E16AA8A00907DC9 /* Release */,
			);
			defaultConfigurationIsVisible = 0;
		};
/* End XCConfigurationList section */
	};
	rootObject = D284A4781E16AA8A00907DC9 /* Project object */;
}
